{
  "name": "host",
  "version": "1.0.0",
  "lockfileVersion": 3,
  "requires": true,
  "packages": {
    "": {
      "name": "host",
      "version": "1.0.0",
      "dependencies": {
        "@module-federation/enhanced": "^0.9.0",
        "postcss": "^8.5.3",
        "react": "^19.0.0",
        "react-dom": "^19.0.0",
        "tailwindcss": "^4.0.8",
        "zephyr-rspack-plugin": "^0.0.34"
      },
      "devDependencies": {
        "@biomejs/biome": "^1.9.4",
        "@module-federation/rsbuild-plugin": "^0.9.0",
        "@rsbuild/core": "^1.2.8",
        "@rsbuild/plugin-react": "^1.1.0",
        "@types/react": "^19.0.9",
        "@types/react-dom": "^19.0.3",
        "typescript": "^5.7.3"
      }
    },
    "../../node_modules/.pnpm/@biomejs+biome@1.9.4/node_modules/@biomejs/biome": {
      "version": "1.9.4",
      "dev": true,
      "hasInstallScript": true,
      "license": "MIT OR Apache-2.0",
      "bin": {
        "biome": "bin/biome"
      },
      "engines": {
        "node": ">=14.21.3"
      },
      "funding": {
        "type": "opencollective",
        "url": "https://opencollective.com/biome"
      },
      "optionalDependencies": {
        "@biomejs/cli-darwin-arm64": "1.9.4",
        "@biomejs/cli-darwin-x64": "1.9.4",
        "@biomejs/cli-linux-arm64": "1.9.4",
        "@biomejs/cli-linux-arm64-musl": "1.9.4",
        "@biomejs/cli-linux-x64": "1.9.4",
        "@biomejs/cli-linux-x64-musl": "1.9.4",
        "@biomejs/cli-win32-arm64": "1.9.4",
        "@biomejs/cli-win32-x64": "1.9.4"
      }
    },
    "../../node_modules/.pnpm/@module-federation+enhanced@0.9.0_@rspack+core@1.2.5_@swc+helpers@0.5.15__react-dom@19._3f91db95c6481ac3ffbf7f72429906d6/node_modules/@module-federation/enhanced": {
      "version": "0.9.0",
      "license": "MIT",
      "dependencies": {
        "@module-federation/bridge-react-webpack-plugin": "0.9.0",
        "@module-federation/data-prefetch": "0.9.0",
        "@module-federation/dts-plugin": "0.9.0",
        "@module-federation/error-codes": "0.9.0",
        "@module-federation/inject-external-runtime-core-plugin": "0.9.0",
        "@module-federation/managers": "0.9.0",
        "@module-federation/manifest": "0.9.0",
        "@module-federation/rspack": "0.9.0",
        "@module-federation/runtime-tools": "0.9.0",
        "@module-federation/sdk": "0.9.0",
        "btoa": "^1.2.1",
        "upath": "2.0.1"
      },
      "devDependencies": {
        "@module-federation/webpack-bundler-runtime": "0.9.0",
        "@types/btoa": "^1.2.5",
        "ajv": "^8.17.1",
        "enhanced-resolve": "^5.0.0",
        "terser": "^5.37.0"
      },
      "peerDependencies": {
        "typescript": "^4.9.0 || ^5.0.0",
        "vue-tsc": ">=1.0.24",
        "webpack": "^5.0.0"
      },
      "peerDependenciesMeta": {
        "typescript": {
          "optional": true
        },
        "vue-tsc": {
          "optional": true
        },
        "webpack": {
          "optional": true
        }
      }
    },
    "../../node_modules/.pnpm/@module-federation+rsbuild-plugin@0.9.0_@rsbuild+core@1.2.11_@rspack+core@1.2.5_@swc+he_bf8b8945d5242ca189083d5f8990e584/node_modules/@module-federation/rsbuild-plugin": {
      "version": "0.9.0",
      "dev": true,
      "license": "MIT",
      "dependencies": {
        "@module-federation/enhanced": "0.9.0",
        "@module-federation/sdk": "0.9.0"
      },
      "devDependencies": {
        "@rsbuild/core": "^1.0.19"
      },
      "engines": {
        "node": ">=16.0.0"
      },
      "peerDependencies": {
        "@rsbuild/core": "1.x"
      },
      "peerDependenciesMeta": {
        "@rsbuild/core": {
          "optional": true
        }
      }
    },
    "../../node_modules/.pnpm/@rsbuild+core@1.2.11/node_modules/@rsbuild/core": {
      "version": "1.2.11",
      "dev": true,
      "license": "MIT",
      "dependencies": {
        "@rspack/core": "1.2.3",
        "@rspack/lite-tapable": "~1.0.1",
        "@swc/helpers": "^0.5.15",
        "core-js": "~3.40.0"
      },
      "bin": {
        "rsbuild": "bin/rsbuild.js"
      },
      "devDependencies": {
        "@rslib/core": "0.4.1",
        "@types/connect": "3.4.38",
        "@types/node": "^22.13.4",
        "@types/on-finished": "2.3.4",
        "@types/webpack-bundle-analyzer": "4.7.0",
        "@types/ws": "^8.5.14",
        "browserslist-load-config": "1.0.0",
        "cac": "^6.7.14",
        "chokidar": "^4.0.3",
        "connect": "3.7.0",
        "connect-history-api-fallback": "^2.0.0",
        "cors": "^2.8.5",
        "css-loader": "7.1.2",
        "deepmerge": "^4.3.1",
        "dotenv": "16.4.7",
        "dotenv-expand": "12.0.1",
        "html-rspack-plugin": "6.0.2",
        "http-proxy-middleware": "^2.0.6",
        "jiti": "^1.21.7",
        "launch-editor-middleware": "^2.10.0",
        "mrmime": "^2.0.0",
        "on-finished": "2.4.1",
        "open": "^8.4.0",
        "picocolors": "^1.1.1",
        "postcss": "^8.5.2",
        "postcss-load-config": "6.0.1",
        "postcss-loader": "8.1.1",
        "prebundle": "1.2.7",
        "reduce-configs": "^1.1.0",
        "rsbuild-dev-middleware": "0.1.2",
        "rslog": "^1.2.3",
        "rspack-chain": "^1.2.1",
        "rspack-manifest-plugin": "5.0.3",
        "sirv": "^3.0.0",
        "style-loader": "3.3.4",
        "tinyglobby": "^0.2.10",
        "typescript": "^5.7.3",
        "webpack": "^5.98.0",
        "webpack-bundle-analyzer": "^4.10.2",
        "webpack-merge": "6.0.1",
        "ws": "^8.18.0"
      },
      "engines": {
        "node": ">=16.7.0"
      }
    },
    "../../node_modules/.pnpm/@rsbuild+plugin-react@1.1.1_@rsbuild+core@1.2.11/node_modules/@rsbuild/plugin-react": {
      "version": "1.1.1",
      "dev": true,
      "license": "MIT",
      "dependencies": {
        "@rspack/plugin-react-refresh": "~1.0.1",
        "react-refresh": "^0.16.0"
      },
      "devDependencies": {
        "@rsbuild/core": "1.2.9",
        "@rslib/core": "0.4.1",
        "@scripts/test-helper": "1.0.1",
        "@types/node": "^22.13.4",
        "typescript": "^5.7.3"
      },
      "peerDependencies": {
        "@rsbuild/core": "1.x"
      }
    },
    "../../node_modules/.pnpm/@types+react-dom@19.0.4_@types+react@19.0.10/node_modules/@types/react-dom": {
      "version": "19.0.4",
      "dev": true,
      "license": "MIT",
      "peerDependencies": {
        "@types/react": "^19.0.0"
      }
    },
    "../../node_modules/.pnpm/@types+react@19.0.10/node_modules/@types/react": {
      "version": "19.0.10",
      "dev": true,
      "license": "MIT",
      "dependencies": {
        "csstype": "^3.0.2"
      }
    },
    "../../node_modules/.pnpm/react-dom@19.0.0_react@19.0.0/node_modules/react-dom": {
      "version": "19.0.0",
      "license": "MIT",
      "dependencies": {
        "scheduler": "^0.25.0"
      },
      "peerDependencies": {
        "react": "^19.0.0"
      }
    },
    "../../node_modules/.pnpm/react@19.0.0/node_modules/react": {
      "version": "19.0.0",
      "license": "MIT",
      "engines": {
        "node": ">=0.10.0"
      }
    },
    "../../node_modules/.pnpm/typescript@5.7.3/node_modules/typescript": {
      "version": "5.7.3",
      "dev": true,
      "license": "Apache-2.0",
      "bin": {
        "tsc": "bin/tsc",
        "tsserver": "bin/tsserver"
      },
      "devDependencies": {
        "@dprint/formatter": "^0.4.1",
        "@dprint/typescript": "0.93.0",
        "@esfx/canceltoken": "^1.0.0",
        "@eslint/js": "^9.11.1",
        "@octokit/rest": "^21.0.2",
        "@types/chai": "^4.3.20",
        "@types/diff": "^5.2.2",
        "@types/minimist": "^1.2.5",
        "@types/mocha": "^10.0.8",
        "@types/ms": "^0.7.34",
        "@types/node": "latest",
        "@types/source-map-support": "^0.5.10",
        "@types/which": "^3.0.4",
        "@typescript-eslint/rule-tester": "^8.8.0",
        "@typescript-eslint/type-utils": "^8.8.0",
        "@typescript-eslint/utils": "^8.8.0",
        "azure-devops-node-api": "^14.1.0",
        "c8": "^10.1.2",
        "chai": "^4.5.0",
        "chalk": "^4.1.2",
        "chokidar": "^3.6.0",
        "diff": "^5.2.0",
        "dprint": "^0.47.2",
        "esbuild": "^0.24.0",
        "eslint": "^9.11.1",
        "eslint-formatter-autolinkable-stylish": "^1.4.0",
        "eslint-plugin-regexp": "^2.6.0",
        "fast-xml-parser": "^4.5.0",
        "glob": "^10.4.5",
        "globals": "^15.9.0",
        "hereby": "^1.10.0",
        "jsonc-parser": "^3.3.1",
        "knip": "^5.30.6",
        "minimist": "^1.2.8",
        "mocha": "^10.7.3",
        "mocha-fivemat-progress-reporter": "^0.1.0",
        "monocart-coverage-reports": "^2.11.0",
        "ms": "^2.1.3",
        "playwright": "^1.47.2",
        "source-map-support": "^0.5.21",
        "tslib": "^2.7.0",
        "typescript": "^5.6.2",
        "typescript-eslint": "^8.8.0",
        "which": "^3.0.1"
      },
      "engines": {
        "node": ">=14.17"
      }
    },
    "../../node_modules/.pnpm/zephyr-rspack-plugin@0.0.34_@swc+helpers@0.5.15_webpack@5.98.0/node_modules/zephyr-rspack-plugin": {
      "version": "0.0.34",
      "license": "Apache-2.0",
      "dependencies": {
        "@module-federation/automatic-vendor-federation": "1.2.1",
        "@rspack/core": "^1.1.3",
        "is-ci": "^3.0.1",
        "tslib": "^2.3.0",
        "zephyr-agent": "0.0.34",
        "zephyr-xpack-internal": "0.0.34"
      },
      "devDependencies": {
        "@types/is-ci": "^3.0.4",
        "@types/node-persist": "^3.1.8"
      }
    },
    "node_modules/@biomejs/biome": {
      "resolved": "../../node_modules/.pnpm/@biomejs+biome@1.9.4/node_modules/@biomejs/biome",
      "link": true
    },
    "node_modules/@module-federation/enhanced": {
      "resolved": "../../node_modules/.pnpm/@module-federation+enhanced@0.9.0_@rspack+core@1.2.5_@swc+helpers@0.5.15__react-dom@19._3f91db95c6481ac3ffbf7f72429906d6/node_modules/@module-federation/enhanced",
      "link": true
    },
    "node_modules/@module-federation/rsbuild-plugin": {
      "resolved": "../../node_modules/.pnpm/@module-federation+rsbuild-plugin@0.9.0_@rsbuild+core@1.2.11_@rspack+core@1.2.5_@swc+he_bf8b8945d5242ca189083d5f8990e584/node_modules/@module-federation/rsbuild-plugin",
      "link": true
    },
    "node_modules/@rsbuild/core": {
      "resolved": "../../node_modules/.pnpm/@rsbuild+core@1.2.11/node_modules/@rsbuild/core",
      "link": true
    },
    "node_modules/@rsbuild/plugin-react": {
      "resolved": "../../node_modules/.pnpm/@rsbuild+plugin-react@1.1.1_@rsbuild+core@1.2.11/node_modules/@rsbuild/plugin-react",
      "link": true
    },
    "node_modules/@types/react": {
      "resolved": "../../node_modules/.pnpm/@types+react@19.0.10/node_modules/@types/react",
      "link": true
    },
    "node_modules/@types/react-dom": {
      "resolved": "../../node_modules/.pnpm/@types+react-dom@19.0.4_@types+react@19.0.10/node_modules/@types/react-dom",
      "link": true
    },
    "node_modules/nanoid": {
      "version": "3.3.8",
      "resolved": "https://registry.npmjs.org/nanoid/-/nanoid-3.3.8.tgz",
      "integrity": "sha512-WNLf5Sd8oZxOm+TzppcYk8gVOgP+l58xNy58D0nbUnOxOWRWvlcCV4kUF7ltmI6PsrLl/BgKEyS4mqsGChFN0w==",
      "funding": [
        {
          "type": "github",
          "url": "https://github.com/sponsors/ai"
        }
      ],
      "license": "MIT",
      "bin": {
        "nanoid": "bin/nanoid.cjs"
      },
      "engines": {
        "node": "^10 || ^12 || ^13.7 || ^14 || >=15.0.1"
      }
    },
    "node_modules/picocolors": {
      "version": "1.1.1",
      "resolved": "https://registry.npmjs.org/picocolors/-/picocolors-1.1.1.tgz",
      "integrity": "sha512-xceH2snhtb5M9liqDsmEw56le376mTZkEX/jEb/RxNFyegNul7eNslCXP9FDj/Lcu0X8KEyMceP2ntpaHrDEVA==",
      "license": "ISC"
    },
    "node_modules/postcss": {
      "version": "8.5.3",
      "resolved": "https://registry.npmjs.org/postcss/-/postcss-8.5.3.tgz",
      "integrity": "sha512-dle9A3yYxlBSrt8Fu+IpjGT8SY8hN0mlaA6GY8t0P5PjIOZemULz/E2Bnm/2dcUOena75OTNkHI76uZBNUUq3A==",
      "funding": [
        {
          "type": "opencollective",
          "url": "https://opencollective.com/postcss/"
        },
        {
          "type": "tidelift",
          "url": "https://tidelift.com/funding/github/npm/postcss"
        },
        {
          "type": "github",
          "url": "https://github.com/sponsors/ai"
        }
      ],
      "license": "MIT",
      "dependencies": {
        "nanoid": "^3.3.8",
        "picocolors": "^1.1.1",
        "source-map-js": "^1.2.1"
      },
      "engines": {
        "node": "^10 || ^12 || >=14"
      }
    },
    "node_modules/react": {
      "resolved": "../../node_modules/.pnpm/react@19.0.0/node_modules/react",
      "link": true
    },
    "node_modules/react-dom": {
      "resolved": "../../node_modules/.pnpm/react-dom@19.0.0_react@19.0.0/node_modules/react-dom",
      "link": true
    },
    "node_modules/source-map-js": {
      "version": "1.2.1",
      "resolved": "https://registry.npmjs.org/source-map-js/-/source-map-js-1.2.1.tgz",
      "integrity": "sha512-UXWMKhLOwVKb728IUtQPXxfYU+usdybtUrK/8uGE8CQMvrhOpwvzDBwj0QhSL7MQc7vIsISBG8VQ8+IDQxpfQA==",
      "license": "BSD-3-Clause",
      "engines": {
        "node": ">=0.10.0"
      }
    },
    "node_modules/tailwindcss": {
      "version": "4.0.8",
      "resolved": "https://registry.npmjs.org/tailwindcss/-/tailwindcss-4.0.8.tgz",
      "integrity": "sha512-Me7N5CKR+D2A1xdWA5t5+kjjT7bwnxZOE6/yDI/ixJdJokszsn2n++mdU5yJwrsTpqFX2B9ZNMBJDwcqk9C9lw==",
      "license": "MIT"
    },
    "node_modules/typescript": {
      "resolved": "../../node_modules/.pnpm/typescript@5.7.3/node_modules/typescript",
      "link": true
    },
    "node_modules/zephyr-rspack-plugin": {
      "resolved": "../../node_modules/.pnpm/zephyr-rspack-plugin@0.0.34_@swc+helpers@0.5.15_webpack@5.98.0/node_modules/zephyr-rspack-plugin",
      "link": true
    }
  }
}
